// !$*UTF8*$!
{
	archiveVersion = 1;
	classes = {
	};
	objectVersion = 55;
	objects = {

/* Begin PBXBuildFile section */
		32395A7227C91AC0002D037E /* AppDelegate.swift in Sources */ = {isa = PBXBuildFile; fileRef = 32395A7127C91AC0002D037E /* AppDelegate.swift */; };
		32395A7427C91AC0002D037E /* SceneDelegate.swift in Sources */ = {isa = PBXBuildFile; fileRef = 32395A7327C91AC0002D037E /* SceneDelegate.swift */; };
		32395A7627C91AC0002D037E /* ViewController.swift in Sources */ = {isa = PBXBuildFile; fileRef = 32395A7527C91AC0002D037E /* ViewController.swift */; };
		32395A7927C91AC0002D037E /* Main.storyboard in Resources */ = {isa = PBXBuildFile; fileRef = 32395A7727C91AC0002D037E /* Main.storyboard */; };
		32395A7C27C91AC0002D037E /* MapPic.xcdatamodeld in Sources */ = {isa = PBXBuildFile; fileRef = 32395A7A27C91AC0002D037E /* MapPic.xcdatamodeld */; };
		32395A7E27C91AC1002D037E /* Assets.xcassets in Resources */ = {isa = PBXBuildFile; fileRef = 32395A7D27C91AC1002D037E /* Assets.xcassets */; };
		32395A8127C91AC1002D037E /* LaunchScreen.storyboard in Resources */ = {isa = PBXBuildFile; fileRef = 32395A7F27C91AC1002D037E /* LaunchScreen.storyboard */; };
		32395A8B27C92A4C002D037E /* MapKit.framework in Frameworks */ = {isa = PBXBuildFile; fileRef = 32395A8927C929F1002D037E /* MapKit.framework */; };
		32E584AD27CCFEE5005A0B82 /* ImageCell.swift in Sources */ = {isa = PBXBuildFile; fileRef = 32E584AC27CCFEE5005A0B82 /* ImageCell.swift */; };
/* End PBXBuildFile section */

/* Begin PBXFileReference section */
		32395A6E27C91AC0002D037E /* MapPic.app */ = {isa = PBXFileReference; explicitFileType = wrapper.application; includeInIndex = 0; path = MapPic.app; sourceTree = BUILT_PRODUCTS_DIR; };
		32395A7127C91AC0002D037E /* AppDelegate.swift */ = {isa = PBXFileReference; lastKnownFileType = sourcecode.swift; path = AppDelegate.swift; sourceTree = "<group>"; };
		32395A7327C91AC0002D037E /* SceneDelegate.swift */ = {isa = PBXFileReference; lastKnownFileType = sourcecode.swift; path = SceneDelegate.swift; sourceTree = "<group>"; };
		32395A7527C91AC0002D037E /* ViewController.swift */ = {isa = PBXFileReference; lastKnownFileType = sourcecode.swift; path = ViewController.swift; sourceTree = "<group>"; };
		32395A7827C91AC0002D037E /* Base */ = {isa = PBXFileReference; lastKnownFileType = file.storyboard; name = Base; path = Base.lproj/Main.storyboard; sourceTree = "<group>"; };
		32395A7B27C91AC0002D037E /* MapPic.xcdatamodel */ = {isa = PBXFileReference; lastKnownFileType = wrapper.xcdatamodel; path = MapPic.xcdatamodel; sourceTree = "<group>"; };
		32395A7D27C91AC1002D037E /* Assets.xcassets */ = {isa = PBXFileReference; lastKnownFileType = folder.assetcatalog; path = Assets.xcassets; sourceTree = "<group>"; };
		32395A8027C91AC1002D037E /* Base */ = {isa = PBXFileReference; lastKnownFileType = file.storyboard; name = Base; path = Base.lproj/LaunchScreen.storyboard; sourceTree = "<group>"; };
		32395A8227C91AC1002D037E /* Info.plist */ = {isa = PBXFileReference; lastKnownFileType = text.plist.xml; path = Info.plist; sourceTree = "<group>"; };
		32395A8927C929F1002D037E /* MapKit.framework */ = {isa = PBXFileReference; lastKnownFileType = wrapper.framework; name = MapKit.framework; path = System/Library/Frameworks/MapKit.framework; sourceTree = SDKROOT; };
		32E584AC27CCFEE5005A0B82 /* ImageCell.swift */ = {isa = PBXFileReference; lastKnownFileType = sourcecode.swift; path = ImageCell.swift; sourceTree = "<group>"; };
/* End PBXFileReference section */

/* Begin PBXFrameworksBuildPhase section */
		32395A6B27C91AC0002D037E /* Frameworks */ = {
			isa = PBXFrameworksBuildPhase;
			buildActionMask = 2147483647;
			files = (
				32395A8B27C92A4C002D037E /* MapKit.framework in Frameworks */,
			);
			runOnlyForDeploymentPostprocessing = 0;
		};
/* End PBXFrameworksBuildPhase section */

/* Begin PBXGroup section */
		32395A6527C91AC0002D037E = {
			isa = PBXGroup;
			children = (
				32395A7027C91AC0002D037E /* MapPic */,
				32395A6F27C91AC0002D037E /* Products */,
				32395A8827C929F1002D037E /* Frameworks */,
			);
			sourceTree = "<group>";
		};
		32395A6F27C91AC0002D037E /* Products */ = {
			isa = PBXGroup;
			children = (
				32395A6E27C91AC0002D037E /* MapPic.app */,
			);
			name = Products;
			sourceTree = "<group>";
		};
		32395A7027C91AC0002D037E /* MapPic */ = {
			isa = PBXGroup;
			children = (
				32395A7127C91AC0002D037E /* AppDelegate.swift */,
				32395A7327C91AC0002D037E /* SceneDelegate.swift */,
				32395A7527C91AC0002D037E /* ViewController.swift */,
				32395A7727C91AC0002D037E /* Main.storyboard */,
				32395A7D27C91AC1002D037E /* Assets.xcassets */,
				32395A7F27C91AC1002D037E /* LaunchScreen.storyboard */,
				32395A8227C91AC1002D037E /* Info.plist */,
				32395A7A27C91AC0002D037E /* MapPic.xcdatamodeld */,
				32E584AC27CCFEE5005A0B82 /* ImageCell.swift */,
			);
			path = MapPic;
			sourceTree = "<group>";
		};
		32395A8827C929F1002D037E /* Frameworks */ = {
			isa = PBXGroup;
			children = (
				32395A8927C929F1002D037E /* MapKit.framework */,
			);
			name = Frameworks;
			sourceTree = "<group>";
		};
/* End PBXGroup section */

/* Begin PBXNativeTarget section */
		32395A6D27C91AC0002D037E /* MapPic */ = {
			isa = PBXNativeTarget;
			buildConfigurationList = 32395A8527C91AC1002D037E /* Build configuration list for PBXNativeTarget "MapPic" */;
			buildPhases = (
				32395A6A27C91AC0002D037E /* Sources */,
				32395A6B27C91AC0002D037E /* Frameworks */,
				32395A6C27C91AC0002D037E /* Resources */,
			);
			buildRules = (
			);
			dependencies = (
			);
			name = MapPic;
			productName = MapPic;
			productReference = 32395A6E27C91AC0002D037E /* MapPic.app */;
			productType = "com.apple.product-type.application";
		};
/* End PBXNativeTarget section */

/* Begin PBXProject section */
		32395A6627C91AC0002D037E /* Project object */ = {
			isa = PBXProject;
			attributes = {
				BuildIndependentTargetsInParallel = 1;
				LastSwiftUpdateCheck = 1320;
				LastUpgradeCheck = 1320;
				TargetAttributes = {
					32395A6D27C91AC0002D037E = {
						CreatedOnToolsVersion = 13.2.1;
					};
				};
			};
			buildConfigurationList = 32395A6927C91AC0002D037E /* Build configuration list for PBXProject "MapPic" */;
			compatibilityVersion = "Xcode 13.0";
			developmentRegion = en;
			hasScannedForEncodings = 0;
			knownRegions = (
				en,
				Base,
			);
			mainGroup = 32395A6527C91AC0002D037E;
			productRefGroup = 32395A6F27C91AC0002D037E /* Products */;
			projectDirPath = "";
			projectRoot = "";
			targets = (
				32395A6D27C91AC0002D037E /* MapPic */,
			);
		};
/* End PBXProject section */

/* Begin PBXResourcesBuildPhase section */
		32395A6C27C91AC0002D037E /* Resources */ = {
			isa = PBXResourcesBuildPhase;
			buildActionMask = 2147483647;
			files = (
				32395A8127C91AC1002D037E /* LaunchScreen.storyboard in Resources */,
				32395A7E27C91AC1002D037E /* Assets.xcassets in Resources */,
				32395A7927C91AC0002D037E /* Main.storyboard in Resources */,
			);
			runOnlyForDeploymentPostprocessing = 0;
		};
/* End PBXResourcesBuildPhase section */

/* Begin PBXSourcesBuildPhase section */
		32395A6A27C91AC0002D037E /* Sources */ = {
			isa = PBXSourcesBuildPhase;
			buildActionMask = 2147483647;
			files = (
				32395A7627C91AC0002D037E /* ViewController.swift in Sources */,
				32395A7C27C91AC0002D037E /* MapPic.xcdatamodeld in Sources */,
				32395A7227C91AC0002D037E /* AppDelegate.swift in Sources */,
				32395A7427C91AC0002D037E /* SceneDelegate.swift in Sources */,
				32E584AD27CCFEE5005A0B82 /* ImageCell.swift in Sources */,
			);
			runOnlyForDeploymentPostprocessing = 0;
		};
/* End PBXSourcesBuildPhase section */

/* Begin PBXVariantGroup section */
		32395A7727C91AC0002D037E /* Main.storyboard */ = {
			isa = PBXVariantGroup;
			children = (
				32395A7827C91AC0002D037E /* Base */,
			);
			name = Main.storyboard;
			sourceTree = "<group>";
		};
		32395A7F27C91AC1002D037E /* LaunchScreen.storyboard */ = {
			isa = PBXVariantGroup;
			children = (
				32395A8027C91AC1002D037E /* Base */,
			);
			name = LaunchScreen.storyboard;
			sourceTree = "<group>";
		};
/* End PBXVariantGroup section */

/* Begin XCBuildConfiguration section */
		32395A8327C91AC1002D037E /* Debug */ = {
			isa = XCBuildConfiguration;
			buildSettings = {
				ALWAYS_SEARCH_USER_PATHS = NO;
				CLANG_ANALYZER_NONNULL = YES;
				CLANG_ANALYZER_NUMBER_OBJECT_CONVERSION = YES_AGGRESSIVE;
				CLANG_CXX_LANGUAGE_STANDARD = "gnu++17";
				CLANG_CXX_LIBRARY = "libc++";
				CLANG_ENABLE_MODULES = YES;
				CLANG_ENABLE_OBJC_ARC = YES;
				CLANG_ENABLE_OBJC_WEAK = YES;
				CLANG_WARN_BLOCK_CAPTURE_AUTORELEASING = YES;
				CLANG_WARN_BOOL_CONVERSION = YES;
				CLANG_WARN_COMMA = YES;
				CLANG_WARN_CONSTANT_CONVERSION = YES;
				CLANG_WARN_DEPRECATED_OBJC_IMPLEMENTATIONS = YES;
				CLANG_WARN_DIRECT_OBJC_ISA_USAGE = YES_ERROR;
				CLANG_WARN_DOCUMENTATION_COMMENTS = YES;
				CLANG_WARN_EMPTY_BODY = YES;
				CLANG_WARN_ENUM_CONVERSION = YES;
				CLANG_WARN_INFINITE_RECURSION = YES;
				CLANG_WARN_INT_CONVERSION = YES;
				CLANG_WARN_NON_LITERAL_NULL_CONVERSION = YES;
				CLANG_WARN_OBJC_IMPLICIT_RETAIN_SELF = YES;
				CLANG_WARN_OBJC_LITERAL_CONVERSION = YES;
				CLANG_WARN_OBJC_ROOT_CLASS = YES_ERROR;
				CLANG_WARN_QUOTED_INCLUDE_IN_FRAMEWORK_HEADER = YES;
				CLANG_WARN_RANGE_LOOP_ANALYSIS = YES;
				CLANG_WARN_STRICT_PROTOTYPES = YES;
				CLANG_WARN_SUSPICIOUS_MOVE = YES;
				CLANG_WARN_UNGUARDED_AVAILABILITY = YES_AGGRESSIVE;
				CLANG_WARN_UNREACHABLE_CODE = YES;
				CLANG_WARN__DUPLICATE_METHOD_MATCH = YES;
				COPY_PHASE_STRIP = NO;
				DEBUG_INFORMATION_FORMAT = dwarf;
				ENABLE_STRICT_OBJC_MSGSEND = YES;
				ENABLE_TESTABILITY = YES;
				GCC_C_LANGUAGE_STANDARD = gnu11;
				GCC_DYNAMIC_NO_PIC = NO;
				GCC_NO_COMMON_BLOCKS = YES;
				GCC_OPTIMIZATION_LEVEL = 0;
				GCC_PREPROCESSOR_DEFINITIONS = (
					"DEBUG=1",
					"$(inherited)",
				);
				GCC_WARN_64_TO_32_BIT_CONVERSION = YES;
				GCC_WARN_ABOUT_RETURN_TYPE = YES_ERROR;
				GCC_WARN_UNDECLARED_SELECTOR = YES;
				GCC_WARN_UNINITIALIZED_AUTOS = YES_AGGRESSIVE;
				GCC_WARN_UNUSED_FUNCTION = YES;
				GCC_WARN_UNUSED_VARIABLE = YES;
				IPHONEOS_DEPLOYMENT_TARGET = 15.2;
				MTL_ENABLE_DEBUG_INFO = INCLUDE_SOURCE;
				MTL_FAST_MATH = YES;
				ONLY_ACTIVE_ARCH = YES;
				SDKROOT = iphoneos;
				SWIFT_ACTIVE_COMPILATION_CONDITIONS = DEBUG;
				SWIFT_OPTIMIZATION_LEVEL = "-Onone";
			};
			name = Debug;
		};
		32395A8427C91AC1002D037E /* Release */ = {
			isa = XCBuildConfiguration;
			buildSettings = {
				ALWAYS_SEARCH_USER_PATHS = NO;
				CLANG_ANALYZER_NONNULL = YES;
				CLANG_ANALYZER_NUMBER_OBJECT_CONVERSION = YES_AGGRESSIVE;
				CLANG_CXX_LANGUAGE_STANDARD = "gnu++17";
				CLANG_CXX_LIBRARY = "libc++";
				CLANG_ENABLE_MODULES = YES;
				CLANG_ENABLE_OBJC_ARC = YES;
				CLANG_ENABLE_OBJC_WEAK = YES;
				CLANG_WARN_BLOCK_CAPTURE_AUTORELEASING = YES;
				CLANG_WARN_BOOL_CONVERSION = YES;
				CLANG_WARN_COMMA = YES;
				CLANG_WARN_CONSTANT_CONVERSION = YES;
				CLANG_WARN_DEPRECATED_OBJC_IMPLEMENTATIONS = YES;
				CLANG_WARN_DIRECT_OBJC_ISA_USAGE = YES_ERROR;
				CLANG_WARN_DOCUMENTATION_COMMENTS = YES;
				CLANG_WARN_EMPTY_BODY = YES;
				CLANG_WARN_ENUM_CONVERSION = YES;
				CLANG_WARN_INFINITE_RECURSION = YES;
				CLANG_WARN_INT_CONVERSION = YES;
				CLANG_WARN_NON_LITERAL_NULL_CONVERSION = YES;
				CLANG_WARN_OBJC_IMPLICIT_RETAIN_SELF = YES;
				CLANG_WARN_OBJC_LITERAL_CONVERSION = YES;
				CLANG_WARN_OBJC_ROOT_CLASS = YES_ERROR;
				CLANG_WARN_QUOTED_INCLUDE_IN_FRAMEWORK_HEADER = YES;
				CLANG_WARN_RANGE_LOOP_ANALYSIS = YES;
				CLANG_WARN_STRICT_PROTOTYPES = YES;
				CLANG_WARN_SUSPICIOUS_MOVE = YES;
				CLANG_WARN_UNGUARDED_AVAILABILITY = YES_AGGRESSIVE;
				CLANG_WARN_UNREACHABLE_CODE = YES;
				CLANG_WARN__DUPLICATE_METHOD_MATCH = YES;
				COPY_PHASE_STRIP = NO;
				DEBUG_INFORMATION_FORMAT = "dwarf-with-dsym";
				ENABLE_NS_ASSERTIONS = NO;
				ENABLE_STRICT_OBJC_MSGSEND = YES;
				GCC_C_LANGUAGE_STANDARD = gnu11;
				GCC_NO_COMMON_BLOCKS = YES;
				GCC_WARN_64_TO_32_BIT_CONVERSION = YES;
				GCC_WARN_ABOUT_RETURN_TYPE = YES_ERROR;
				GCC_WARN_UNDECLARED_SELECTOR = YES;
				GCC_WARN_UNINITIALIZED_AUTOS = YES_AGGRESSIVE;
				GCC_WARN_UNUSED_FUNCTION = YES;
				GCC_WARN_UNUSED_VARIABLE = YES;
				IPHONEOS_DEPLOYMENT_TARGET = 15.2;
				MTL_ENABLE_DEBUG_INFO = NO;
				MTL_FAST_MATH = YES;
				SDKROOT = iphoneos;
				SWIFT_COMPILATION_MODE = wholemodule;
				SWIFT_OPTIMIZATION_LEVEL = "-O";
				VALIDATE_PRODUCT = YES;
			};
			name = Release;
		};
		32395A8627C91AC1002D037E /* Debug */ = {
			isa = XCBuildConfiguration;
			buildSettings = {
				ASSETCATALOG_COMPILER_APPICON_NAME = AppIcon;
				ASSETCATALOG_COMPILER_GLOBAL_ACCENT_COLOR_NAME = AccentColor;
				CODE_SIGN_STYLE = Automatic;
				CURRENT_PROJECT_VERSION = 1;
				DEVELOPMENT_TEAM = 4B3LS46Z5J;
				GENERATE_INFOPLIST_FILE = YES;
				INFOPLIST_FILE = MapPic/Info.plist;
				INFOPLIST_KEY_NSLocationWhenInUseUsageDescription = "You better be givin me that location :)";
				INFOPLIST_KEY_UIApplicationSupportsIndirectInputEvents = YES;
				INFOPLIST_KEY_UILaunchStoryboardName = LaunchScreen;
				INFOPLIST_KEY_UIMainStoryboardFile = Main;
				INFOPLIST_KEY_UISupportedInterfaceOrientations_iPad = "UIInterfaceOrientationPortrait UIInterfaceOrientationPortraitUpsideDown UIInterfaceOrientationLandscapeLeft UIInterfaceOrientationLandscapeRight";
				INFOPLIST_KEY_UISupportedInterfaceOrientations_iPhone = "UIInterfaceOrientationPortrait UIInterfaceOrientationLandscapeLeft UIInterfaceOrientationLandscapeRight";
				LD_RUNPATH_SEARCH_PATHS = (
					"$(inherited)",
					"@executable_path/Frameworks",
				);
				MARKETING_VERSION = 1.0;
				PRODUCT_BUNDLE_IDENTIFIER = com.kamilniemczyk.MapPic;
				PRODUCT_NAME = "$(TARGET_NAME)";
				SWIFT_EMIT_LOC_STRINGS = YES;
				SWIFT_VERSION = 5.0;
				TARGETED_DEVICE_FAMILY = "1,2";
			};
			name = Debug;
		};
		32395A8727C91AC1002D037E /* Release */ = {
			isa = XCBuildConfiguration;
			buildSettings = {
				ASSETCATALOG_COMPILER_APPICON_NAME = AppIcon;
				ASSETCATALOG_COMPILER_GLOBAL_ACCENT_COLOR_NAME = AccentColor;
				CODE_SIGN_STYLE = Automatic;
				CURRENT_PROJECT_VERSION = 1;
				DEVELOPMENT_TEAM = 4B3LS46Z5J;
				GENERATE_INFOPLIST_FILE = YES;
				INFOPLIST_FILE = MapPic/Info.plist;
				INFOPLIST_KEY_NSLocationWhenInUseUsageDescription = "You better be givin me that location :)";
				INFOPLIST_KEY_UIApplicationSupportsIndirectInputEvents = YES;
				INFOPLIST_KEY_UILaunchStoryboardName = LaunchScreen;
				INFOPLIST_KEY_UIMainStoryboardFile = Main;
				INFOPLIST_KEY_UISupportedInterfaceOrientations_iPad = "UIInterfaceOrientationPortrait UIInterfaceOrientationPortraitUpsideDown UIInterfaceOrientationLandscapeLeft UIInterfaceOrientationLandscapeRight";
				INFOPLIST_KEY_UISupportedInterfaceOrientations_iPhone = "UIInterfaceOrientationPortrait UIInterfaceOrientationLandscapeLeft UIInterfaceOrientationLandscapeRight";
				LD_RUNPATH_SEARCH_PATHS = (
					"$(inherited)",
					"@executable_path/Frameworks",
				);
				MARKETING_VERSION = 1.0;
				PRODUCT_BUNDLE_IDENTIFIER = com.kamilniemczyk.MapPic;
				PRODUCT_NAME = "$(TARGET_NAME)";
				SWIFT_EMIT_LOC_STRINGS = YES;
				SWIFT_VERSION = 5.0;
				TARGETED_DEVICE_FAMILY = "1,2";
			};
			name = Release;
		};
/* End XCBuildConfiguration section */

/* Begin XCConfigurationList section */
		32395A6927C91AC0002D037E /* Build configuration list for PBXProject "MapPic" */ = {
			isa = XCConfigurationList;
			buildConfigurations = (
				32395A8327C91AC1002D037E /* Debug */,
				32395A8427C91AC1002D037E /* Release */,
			);
			defaultConfigurationIsVisible = 0;
			defaultConfigurationName = Release;
		};
		32395A8527C91AC1002D037E /* Build configuration list for PBXNativeTarget "MapPic" */ = {
			isa = XCConfigurationList;
			buildConfigurations = (
				32395A8627C91AC1002D037E /* Debug */,
				32395A8727C91AC1002D037E /* Release */,
			);
			defaultConfigurationIsVisible = 0;
			defaultConfigurationName = Release;
		};
/* End XCConfigurationList section */

/* Begin XCVersionGroup section */
		32395A7A27C91AC0002D037E /* MapPic.xcdatamodeld */ = {
			isa = XCVersionGroup;
			children = (
				32395A7B27C91AC0002D037E /* MapPic.xcdatamodel */,
			);
			currentVersion = 32395A7B27C91AC0002D037E /* MapPic.xcdatamodel */;
			path = MapPic.xcdatamodeld;
			sourceTree = "<group>";
			versionGroupType = wrapper.xcdatamodel;
		};
/* End XCVersionGroup section */
	};
	rootObject = 32395A6627C91AC0002D037E /* Project object */;
}
